
Microsoft Visual Studio Solution File, Format Version 12.00
# Visual Studio 15
VisualStudioVersion = 15.0.27130.2036
MinimumVisualStudioVersion = 10.0.40219.1
Project("{9A19103F-16F7-4668-BE54-9A1E7A4F7556}") = "Protsyk.PMS.FullText.ConsoleUtil", "Protsyk.PMS.FullText.ConsoleUtil\Protsyk.PMS.FullText.ConsoleUtil.csproj", "{B0898A22-AE1B-4473-B414-C41591EC1B91}"
EndProject
Project("{9A19103F-16F7-4668-BE54-9A1E7A4F7556}") = "Protsyk.PMS.FullText.Core", "Protsyk.PMS.FullText.Core\Protsyk.PMS.FullText.Core.csproj", "{21F6B46F-47F7-4F0E-B90A-1B75BC5B41B3}"
EndProject
Project("{9A19103F-16F7-4668-BE54-9A1E7A4F7556}") = "Protsyk.PMS.FullText.Core.UnitTests", "Protsyk.PMS.FullText.Core.UnitTests\Protsyk.PMS.FullText.Core.UnitTests.csproj", "{51C4FE43-E817-4A1D-B6B5-713CDF1C8D0B}"
EndProject
Project("{2150E333-8FDC-42A3-9474-1A3956D46DE8}") = "Wiki", "Wiki", "{DC9C5BB2-51DF-4A5D-A437-A742815A0271}"
	ProjectSection(SolutionItems) = preProject
		..\LICENSE = ..\LICENSE
		..\README.md = ..\README.md
	EndProjectSection
EndProject
Project("{2150E333-8FDC-42A3-9474-1A3956D46DE8}") = "Shared", "Shared", "{8627F877-DA8D-4533-B1F1-64549D775640}"
	ProjectSection(SolutionItems) = preProject
		AssemblyVersionInfo.cs = AssemblyVersionInfo.cs
	EndProjectSection
EndProject
Global
	GlobalSection(SolutionConfigurationPlatforms) = preSolution
		Debug|Any CPU = Debug|Any CPU
		Release|Any CPU = Release|Any CPU
	EndGlobalSection
	GlobalSection(ProjectConfigurationPlatforms) = postSolution
		{B0898A22-AE1B-4473-B414-C41591EC1B91}.Debug|Any CPU.ActiveCfg = Debug|Any CPU
		{B0898A22-AE1B-4473-B414-C41591EC1B91}.Debug|Any CPU.Build.0 = Debug|Any CPU
		{B0898A22-AE1B-4473-B414-C41591EC1B91}.Release|Any CPU.ActiveCfg = Release|Any CPU
		{B0898A22-AE1B-4473-B414-C41591EC1B91}.Release|Any CPU.Build.0 = Release|Any CPU
		{21F6B46F-47F7-4F0E-B90A-1B75BC5B41B3}.Debug|Any CPU.ActiveCfg = Debug|Any CPU
		{21F6B46F-47F7-4F0E-B90A-1B75BC5B41B3}.Debug|Any CPU.Build.0 = Debug|Any CPU
		{21F6B46F-47F7-4F0E-B90A-1B75BC5B41B3}.Release|Any CPU.ActiveCfg = Release|Any CPU
		{21F6B46F-47F7-4F0E-B90A-1B75BC5B41B3}.Release|Any CPU.Build.0 = Release|Any CPU
		{51C4FE43-E817-4A1D-B6B5-713CDF1C8D0B}.Debug|Any CPU.ActiveCfg = Debug|Any CPU
		{51C4FE43-E817-4A1D-B6B5-713CDF1C8D0B}.Debug|Any CPU.Build.0 = Debug|Any CPU
		{51C4FE43-E817-4A1D-B6B5-713CDF1C8D0B}.Release|Any CPU.ActiveCfg = Release|Any CPU
		{51C4FE43-E817-4A1D-B6B5-713CDF1C8D0B}.Release|Any CPU.Build.0 = Release|Any CPU
	EndGlobalSection
	GlobalSection(SolutionProperties) = preSolution
		HideSolutionNode = FALSE
	EndGlobalSection
	GlobalSection(ExtensibilityGlobals) = postSolution
		SolutionGuid = {EA71954C-0F0B-4AFD-B94A-3BF215B432FD}
	EndGlobalSection
EndGlobal
