
Microsoft Visual Studio Solution File, Format Version 12.00
# Visual Studio 15
VisualStudioVersion = 15.0.27130.2036
MinimumVisualStudioVersion = 10.0.40219.1
Project("{9A19103F-16F7-4668-BE54-9A1E7A4F7556}") = "Protsyk.PMS.FullText.ConsoleUtil", "Protsyk.PMS.FullText.ConsoleUtil\Protsyk.PMS.FullText.ConsoleUtil.csproj", "{B0898A22-AE1B-4473-B414-C41591EC1B91}"
EndProject
Project("{9A19103F-16F7-4668-BE54-9A1E7A4F7556}") = "Protsyk.PMS.FullText.Core", "Protsyk.PMS.FullText.Core\Protsyk.PMS.FullText.Core.csproj", "{21F6B46F-47F7-4F0E-B90A-1B75BC5B41B3}"
EndProject
Global
	GlobalSection(SolutionConfigurationPlatforms) = preSolution
		Debug|Any CPU = Debug|Any CPU
		Release|Any CPU = Release|Any CPU
	EndGlobalSection
	GlobalSection(ProjectConfigurationPlatforms) = postSolution
		{B0898A22-AE1B-4473-B414-C41591EC1B91}.Debug|Any CPU.ActiveCfg = Debug|Any CPU
		{B0898A22-AE1B-4473-B414-C41591EC1B91}.Debug|Any CPU.Build.0 = Debug|Any CPU
		{B0898A22-AE1B-4473-B414-C41591EC1B91}.Release|Any CPU.ActiveCfg = Release|Any CPU
		{B0898A22-AE1B-4473-B414-C41591EC1B91}.Release|Any CPU.Build.0 = Release|Any CPU
		{21F6B46F-47F7-4F0E-B90A-1B75BC5B41B3}.Debug|Any CPU.ActiveCfg = Debug|Any CPU
		{21F6B46F-47F7-4F0E-B90A-1B75BC5B41B3}.Debug|Any CPU.Build.0 = Debug|Any CPU
		{21F6B46F-47F7-4F0E-B90A-1B75BC5B41B3}.Release|Any CPU.ActiveCfg = Release|Any CPU
		{21F6B46F-47F7-4F0E-B90A-1B75BC5B41B3}.Release|Any CPU.Build.0 = Release|Any CPU
	EndGlobalSection
	GlobalSection(SolutionProperties) = preSolution
		HideSolutionNode = FALSE
	EndGlobalSection
	GlobalSection(ExtensibilityGlobals) = postSolution
		SolutionGuid = {EA71954C-0F0B-4AFD-B94A-3BF215B432FD}
	EndGlobalSection
EndGlobal
